PODS:
  - Alamofire (5.0.0.beta.1)
  - SwiftChart (1.0.1)

DEPENDENCIES:
  - Alamofire (~> 5.0.0.beta.1)
  - SwiftChart

SPEC REPOS:
  https://github.com/cocoapods/specs.git:
    - Alamofire
    - SwiftChart

SPEC CHECKSUMS:
  Alamofire: 2ef6d6c984c5d21c366e9b41a9ae7dfee2b67a44
  SwiftChart: ba767a678d568a5ee22d419e146a0582865e1aff

PODFILE CHECKSUM: 250d7d258cd407c9d56462718b263b1dc789c43a

COCOAPODS: 1.5.3
